
Microsoft Visual Studio Solution File, Format Version 12.00
# Visual Studio 2013
VisualStudioVersion = 12.0.21005.1
MinimumVisualStudioVersion = 10.0.40219.1
Project("{FAE04EC0-301F-11D3-BF4B-00C04F79EFBC}") = "Strings Final", "Strings Final\Strings Final.csproj", "{107CFFB6-25AE-43A8-B2ED-77CD121F6D98}"
EndProject
Global
	GlobalSection(SolutionConfigurationPlatforms) = preSolution
		Debug|Any CPU = Debug|Any CPU
		Release|Any CPU = Release|Any CPU
	EndGlobalSection
	GlobalSection(ProjectConfigurationPlatforms) = postSolution
		{107CFFB6-25AE-43A8-B2ED-77CD121F6D98}.Debug|Any CPU.ActiveCfg = Debug|Any CPU
		{107CFFB6-25AE-43A8-B2ED-77CD121F6D98}.Debug|Any CPU.Build.0 = Debug|Any CPU
		{107CFFB6-25AE-43A8-B2ED-77CD121F6D98}.Release|Any CPU.ActiveCfg = Release|Any CPU
		{107CFFB6-25AE-43A8-B2ED-77CD121F6D98}.Release|Any CPU.Build.0 = Release|Any CPU
	EndGlobalSection
	GlobalSection(SolutionProperties) = preSolution
		HideSolutionNode = FALSE
	EndGlobalSection
EndGlobal
